
Microsoft Visual Studio Solution File, Format Version 12.00
# Visual Studio 15
VisualStudioVersion = 15.0.28307.102
MinimumVisualStudioVersion = 10.0.40219.1
Project("{FAE04EC0-301F-11D3-BF4B-00C04F79EFBC}") = "ConsoleApp3", "ConsoleApp3\ConsoleApp3.csproj", "{D1CEA825-A1A7-49A2-9AE1-01FC1A17BEFE}"
EndProject
Global
	GlobalSection(SolutionConfigurationPlatforms) = preSolution
		Debug|Any CPU = Debug|Any CPU
		Release|Any CPU = Release|Any CPU
	EndGlobalSection
	GlobalSection(ProjectConfigurationPlatforms) = postSolution
		{D1CEA825-A1A7-49A2-9AE1-01FC1A17BEFE}.Debug|Any CPU.ActiveCfg = Debug|Any CPU
		{D1CEA825-A1A7-49A2-9AE1-01FC1A17BEFE}.Debug|Any CPU.Build.0 = Debug|Any CPU
		{D1CEA825-A1A7-49A2-9AE1-01FC1A17BEFE}.Release|Any CPU.ActiveCfg = Release|Any CPU
		{D1CEA825-A1A7-49A2-9AE1-01FC1A17BEFE}.Release|Any CPU.Build.0 = Release|Any CPU
	EndGlobalSection
	GlobalSection(SolutionProperties) = preSolution
		HideSolutionNode = FALSE
	EndGlobalSection
	GlobalSection(ExtensibilityGlobals) = postSolution
		SolutionGuid = {7C205C1D-B712-45A7-9746-D3C035D80F70}
	EndGlobalSection
EndGlobal
