
Microsoft Visual Studio Solution File, Format Version 12.00
# Visual Studio 15
VisualStudioVersion = 15.0.28307.102
MinimumVisualStudioVersion = 10.0.40219.1
Project("{FAE04EC0-301F-11D3-BF4B-00C04F79EFBC}") = "Opdracht 4.2", "Opdracht 4.2\Opdracht 4.2.csproj", "{C63157D3-E451-4D96-BECE-E34BF4616FC5}"
EndProject
Global
	GlobalSection(SolutionConfigurationPlatforms) = preSolution
		Debug|Any CPU = Debug|Any CPU
		Release|Any CPU = Release|Any CPU
	EndGlobalSection
	GlobalSection(ProjectConfigurationPlatforms) = postSolution
		{C63157D3-E451-4D96-BECE-E34BF4616FC5}.Debug|Any CPU.ActiveCfg = Debug|Any CPU
		{C63157D3-E451-4D96-BECE-E34BF4616FC5}.Debug|Any CPU.Build.0 = Debug|Any CPU
		{C63157D3-E451-4D96-BECE-E34BF4616FC5}.Release|Any CPU.ActiveCfg = Release|Any CPU
		{C63157D3-E451-4D96-BECE-E34BF4616FC5}.Release|Any CPU.Build.0 = Release|Any CPU
	EndGlobalSection
	GlobalSection(SolutionProperties) = preSolution
		HideSolutionNode = FALSE
	EndGlobalSection
	GlobalSection(ExtensibilityGlobals) = postSolution
		SolutionGuid = {6A710F8B-C129-44B0-9A3C-4EA991914FB5}
	EndGlobalSection
EndGlobal
